
Microsoft Visual Studio Solution File, Format Version 12.00
# Visual Studio Version 16
VisualStudioVersion = 16.0.30621.155
MinimumVisualStudioVersion = 10.0.40219.1
Project("{FAE04EC0-301F-11D3-BF4B-00C04F79EFBC}") = "LMVirtualGallery.WebMVC", "LMVirtualGallery.WebMVC\LMVirtualGallery.WebMVC.csproj", "{0BC251DA-FD20-4893-997E-88EA2653A6D7}"
EndProject
Project("{FAE04EC0-301F-11D3-BF4B-00C04F79EFBC}") = "LMVirtualGallery.Data", "LMVirtualGallery.Data\LMVirtualGallery.Data.csproj", "{2F05E181-833C-4737-83F5-FE9A5FED0CC8}"
EndProject
Project("{FAE04EC0-301F-11D3-BF4B-00C04F79EFBC}") = "LMVirtualGallery.Models", "LMVirtualGallery\LMVirtualGallery.Models.csproj", "{BCB80B3A-915A-44CB-B3C3-FCF37B749BC0}"
EndProject
Project("{FAE04EC0-301F-11D3-BF4B-00C04F79EFBC}") = "LMVirtualGallery.Services", "LMVirtualGallery.Services\LMVirtualGallery.Services.csproj", "{992B4457-77D4-4390-88B0-750A97895179}"
EndProject
Project("{FAE04EC0-301F-11D3-BF4B-00C04F79EFBC}") = "LMVirtualGallery.Contracts", "LMVirtualGallery.Contracts\LMVirtualGallery.Contracts.csproj", "{7C640E11-7BE9-49B0-BEBC-E28A1643AB3E}"
EndProject
Global
	GlobalSection(SolutionConfigurationPlatforms) = preSolution
		Debug|Any CPU = Debug|Any CPU
		Release|Any CPU = Release|Any CPU
	EndGlobalSection
	GlobalSection(ProjectConfigurationPlatforms) = postSolution
		{0BC251DA-FD20-4893-997E-88EA2653A6D7}.Debug|Any CPU.ActiveCfg = Debug|Any CPU
		{0BC251DA-FD20-4893-997E-88EA2653A6D7}.Debug|Any CPU.Build.0 = Debug|Any CPU
		{0BC251DA-FD20-4893-997E-88EA2653A6D7}.Release|Any CPU.ActiveCfg = Release|Any CPU
		{0BC251DA-FD20-4893-997E-88EA2653A6D7}.Release|Any CPU.Build.0 = Release|Any CPU
		{2F05E181-833C-4737-83F5-FE9A5FED0CC8}.Debug|Any CPU.ActiveCfg = Debug|Any CPU
		{2F05E181-833C-4737-83F5-FE9A5FED0CC8}.Debug|Any CPU.Build.0 = Debug|Any CPU
		{2F05E181-833C-4737-83F5-FE9A5FED0CC8}.Release|Any CPU.ActiveCfg = Release|Any CPU
		{2F05E181-833C-4737-83F5-FE9A5FED0CC8}.Release|Any CPU.Build.0 = Release|Any CPU
		{BCB80B3A-915A-44CB-B3C3-FCF37B749BC0}.Debug|Any CPU.ActiveCfg = Debug|Any CPU
		{BCB80B3A-915A-44CB-B3C3-FCF37B749BC0}.Debug|Any CPU.Build.0 = Debug|Any CPU
		{BCB80B3A-915A-44CB-B3C3-FCF37B749BC0}.Release|Any CPU.ActiveCfg = Release|Any CPU
		{BCB80B3A-915A-44CB-B3C3-FCF37B749BC0}.Release|Any CPU.Build.0 = Release|Any CPU
		{992B4457-77D4-4390-88B0-750A97895179}.Debug|Any CPU.ActiveCfg = Debug|Any CPU
		{992B4457-77D4-4390-88B0-750A97895179}.Debug|Any CPU.Build.0 = Debug|Any CPU
		{992B4457-77D4-4390-88B0-750A97895179}.Release|Any CPU.ActiveCfg = Release|Any CPU
		{992B4457-77D4-4390-88B0-750A97895179}.Release|Any CPU.Build.0 = Release|Any CPU
		{7C640E11-7BE9-49B0-BEBC-E28A1643AB3E}.Debug|Any CPU.ActiveCfg = Debug|Any CPU
		{7C640E11-7BE9-49B0-BEBC-E28A1643AB3E}.Debug|Any CPU.Build.0 = Debug|Any CPU
		{7C640E11-7BE9-49B0-BEBC-E28A1643AB3E}.Release|Any CPU.ActiveCfg = Release|Any CPU
		{7C640E11-7BE9-49B0-BEBC-E28A1643AB3E}.Release|Any CPU.Build.0 = Release|Any CPU
	EndGlobalSection
	GlobalSection(SolutionProperties) = preSolution
		HideSolutionNode = FALSE
	EndGlobalSection
	GlobalSection(ExtensibilityGlobals) = postSolution
		SolutionGuid = {913ADAC0-7561-4AB9-A9BB-DAB29BBB9122}
	EndGlobalSection
EndGlobal
